
Microsoft Visual Studio Solution File, Format Version 12.00
# Visual Studio 14
VisualStudioVersion = 14.0.25420.1
MinimumVisualStudioVersion = 10.0.40219.1
Project("{2150E333-8FDC-42A3-9474-1A3956D46DE8}") = "Solution Items", "Solution Items", "{FBAE0636-7A86-4CC3-9351-A2C8BB1FF587}"
	ProjectSection(SolutionItems) = preProject
		_readme.txt = _readme.txt
		_version.txt = _version.txt
	EndProjectSection
EndProject
Project("{2150E333-8FDC-42A3-9474-1A3956D46DE8}") = "_InnoSetup", "_InnoSetup", "{A0CECCD1-BE6A-44C9-9241-19CC1A9FA865}"
	ProjectSection(SolutionItems) = preProject
		_InnoSetup\_readme.txt = _InnoSetup\_readme.txt
		_InnoSetup\install.iss = _InnoSetup\install.iss
	EndProjectSection
EndProject
Project("{2150E333-8FDC-42A3-9474-1A3956D46DE8}") = "_Libs", "_Libs", "{2F4C760D-350F-484E-A27A-0CE02D5060E0}"
	ProjectSection(SolutionItems) = preProject
		_Libs\GooeyUtilities.dll = _Libs\GooeyUtilities.dll
		_Libs\GooeyUtilities.pdb = _Libs\GooeyUtilities.pdb
		_Libs\GooeyUtilities.XML = _Libs\GooeyUtilities.XML
	EndProjectSection
EndProject
Project("{FAE04EC0-301F-11D3-BF4B-00C04F79EFBC}") = "CarbonCopy", "CarbonCopy\CarbonCopy.csproj", "{1902E694-7188-4ABE-89B0-88E27FBBC1CB}"
EndProject
Project("{FAE04EC0-301F-11D3-BF4B-00C04F79EFBC}") = "JunctionPoint", "JunctionPoint\JunctionPoint.csproj", "{1431BF7B-74CF-4DF7-AFC9-61AC220532BC}"
EndProject
Global
	GlobalSection(SolutionConfigurationPlatforms) = preSolution
		Debug|Any CPU = Debug|Any CPU
		Release|Any CPU = Release|Any CPU
	EndGlobalSection
	GlobalSection(ProjectConfigurationPlatforms) = postSolution
		{1902E694-7188-4ABE-89B0-88E27FBBC1CB}.Debug|Any CPU.ActiveCfg = Debug|Any CPU
		{1902E694-7188-4ABE-89B0-88E27FBBC1CB}.Debug|Any CPU.Build.0 = Debug|Any CPU
		{1902E694-7188-4ABE-89B0-88E27FBBC1CB}.Release|Any CPU.ActiveCfg = Release|Any CPU
		{1902E694-7188-4ABE-89B0-88E27FBBC1CB}.Release|Any CPU.Build.0 = Release|Any CPU
		{1431BF7B-74CF-4DF7-AFC9-61AC220532BC}.Debug|Any CPU.ActiveCfg = Debug|Any CPU
		{1431BF7B-74CF-4DF7-AFC9-61AC220532BC}.Debug|Any CPU.Build.0 = Debug|Any CPU
		{1431BF7B-74CF-4DF7-AFC9-61AC220532BC}.Release|Any CPU.ActiveCfg = Release|Any CPU
		{1431BF7B-74CF-4DF7-AFC9-61AC220532BC}.Release|Any CPU.Build.0 = Release|Any CPU
	EndGlobalSection
	GlobalSection(SolutionProperties) = preSolution
		HideSolutionNode = FALSE
	EndGlobalSection
	GlobalSection(NestedProjects) = preSolution
		{A0CECCD1-BE6A-44C9-9241-19CC1A9FA865} = {FBAE0636-7A86-4CC3-9351-A2C8BB1FF587}
		{2F4C760D-350F-484E-A27A-0CE02D5060E0} = {FBAE0636-7A86-4CC3-9351-A2C8BB1FF587}
	EndGlobalSection
EndGlobal
