
Microsoft Visual Studio Solution File, Format Version 10.00
# Visual Studio 2008
Project("{FAE04EC0-301F-11D3-BF4B-00C04F79EFBC}") = "Carbon Copy", "CarbonCopy\CarbonCopy.csproj", "{1902E694-7188-4ABE-89B0-88E27FBBC1CB}"
EndProject
Project("{FAE04EC0-301F-11D3-BF4B-00C04F79EFBC}") = "JezUtilities", "JezUtilities\JezUtilities.csproj", "{D2CC8C86-22E3-410C-A4B7-F584CC618238}"
EndProject
Project("{2150E333-8FDC-42A3-9474-1A3956D46DE8}") = "Solution Items", "Solution Items", "{FBAE0636-7A86-4CC3-9351-A2C8BB1FF587}"
	ProjectSection(SolutionItems) = preProject
		_licence.txt = _licence.txt
		_readme.txt = _readme.txt
		_version.txt = _version.txt
	EndProjectSection
EndProject
Project("{2150E333-8FDC-42A3-9474-1A3956D46DE8}") = "_OtherLibs", "_OtherLibs", "{9833AA11-CE3B-4005-8EA1-753882E0C86E}"
EndProject
Project("{2150E333-8FDC-42A3-9474-1A3956D46DE8}") = "_InnoSetup", "_InnoSetup", "{A0CECCD1-BE6A-44C9-9241-19CC1A9FA865}"
	ProjectSection(SolutionItems) = preProject
		_InnoSetup\_readme.txt = _InnoSetup\_readme.txt
		_InnoSetup\install.iss = _InnoSetup\install.iss
	EndProjectSection
EndProject
Global
	GlobalSection(SolutionConfigurationPlatforms) = preSolution
		Debug|Any CPU = Debug|Any CPU
		Release|Any CPU = Release|Any CPU
	EndGlobalSection
	GlobalSection(ProjectConfigurationPlatforms) = postSolution
		{1902E694-7188-4ABE-89B0-88E27FBBC1CB}.Debug|Any CPU.ActiveCfg = Debug|Any CPU
		{1902E694-7188-4ABE-89B0-88E27FBBC1CB}.Debug|Any CPU.Build.0 = Debug|Any CPU
		{1902E694-7188-4ABE-89B0-88E27FBBC1CB}.Release|Any CPU.ActiveCfg = Release|Any CPU
		{1902E694-7188-4ABE-89B0-88E27FBBC1CB}.Release|Any CPU.Build.0 = Release|Any CPU
		{D2CC8C86-22E3-410C-A4B7-F584CC618238}.Debug|Any CPU.ActiveCfg = Debug|Any CPU
		{D2CC8C86-22E3-410C-A4B7-F584CC618238}.Debug|Any CPU.Build.0 = Debug|Any CPU
		{D2CC8C86-22E3-410C-A4B7-F584CC618238}.Release|Any CPU.ActiveCfg = Release|Any CPU
		{D2CC8C86-22E3-410C-A4B7-F584CC618238}.Release|Any CPU.Build.0 = Release|Any CPU
	EndGlobalSection
	GlobalSection(SolutionProperties) = preSolution
		HideSolutionNode = FALSE
	EndGlobalSection
	GlobalSection(NestedProjects) = preSolution
		{9833AA11-CE3B-4005-8EA1-753882E0C86E} = {FBAE0636-7A86-4CC3-9351-A2C8BB1FF587}
		{A0CECCD1-BE6A-44C9-9241-19CC1A9FA865} = {FBAE0636-7A86-4CC3-9351-A2C8BB1FF587}
	EndGlobalSection
EndGlobal
